
Microsoft Visual Studio Solution File, Format Version 12.00
# Visual Studio Version 17
VisualStudioVersion = 17.3.32901.215
MinimumVisualStudioVersion = 10.0.40219.1
Project("{FAE04EC0-301F-11D3-BF4B-00C04F79EFBC}") = "PackingInventory", "PackingInventory\PackingInventory.csproj", "{D1C0604E-B8DD-4D05-9E85-953F1A609688}"
EndProject
Global
	GlobalSection(SolutionConfigurationPlatforms) = preSolution
		Debug|Any CPU = Debug|Any CPU
		Release|Any CPU = Release|Any CPU
	EndGlobalSection
	GlobalSection(ProjectConfigurationPlatforms) = postSolution
		{D1C0604E-B8DD-4D05-9E85-953F1A609688}.Debug|Any CPU.ActiveCfg = Debug|Any CPU
		{D1C0604E-B8DD-4D05-9E85-953F1A609688}.Debug|Any CPU.Build.0 = Debug|Any CPU
		{D1C0604E-B8DD-4D05-9E85-953F1A609688}.Release|Any CPU.ActiveCfg = Release|Any CPU
		{D1C0604E-B8DD-4D05-9E85-953F1A609688}.Release|Any CPU.Build.0 = Release|Any CPU
	EndGlobalSection
	GlobalSection(SolutionProperties) = preSolution
		HideSolutionNode = FALSE
	EndGlobalSection
	GlobalSection(ExtensibilityGlobals) = postSolution
		SolutionGuid = {E3352AA5-9B04-4AEB-A8C2-DC1895069789}
	EndGlobalSection
EndGlobal
